
Microsoft Visual Studio Solution File, Format Version 12.00
# Visual Studio Version 17
VisualStudioVersion = 17.7.34031.279
MinimumVisualStudioVersion = 10.0.40219.1
Project("{FAE04EC0-301F-11D3-BF4B-00C04F79EFBC}") = "ImplementingLinkedList", "ImplementingLinkedList\ImplementingLinkedList.csproj", "{F35C3DB1-BD3D-4D2A-BE7D-800298DB0B41}"
EndProject
Project("{FAE04EC0-301F-11D3-BF4B-00C04F79EFBC}") = "CustomDoublyLinkedList", "CustomDoublyLinkedList\CustomDoublyLinkedList.csproj", "{FA9D2304-221D-4651-9E2F-1CCE5A1CDBB1}"
EndProject
Global
	GlobalSection(SolutionConfigurationPlatforms) = preSolution
		Debug|Any CPU = Debug|Any CPU
		Release|Any CPU = Release|Any CPU
	EndGlobalSection
	GlobalSection(ProjectConfigurationPlatforms) = postSolution
		{F35C3DB1-BD3D-4D2A-BE7D-800298DB0B41}.Debug|Any CPU.ActiveCfg = Debug|Any CPU
		{F35C3DB1-BD3D-4D2A-BE7D-800298DB0B41}.Debug|Any CPU.Build.0 = Debug|Any CPU
		{F35C3DB1-BD3D-4D2A-BE7D-800298DB0B41}.Release|Any CPU.ActiveCfg = Release|Any CPU
		{F35C3DB1-BD3D-4D2A-BE7D-800298DB0B41}.Release|Any CPU.Build.0 = Release|Any CPU
		{FA9D2304-221D-4651-9E2F-1CCE5A1CDBB1}.Debug|Any CPU.ActiveCfg = Debug|Any CPU
		{FA9D2304-221D-4651-9E2F-1CCE5A1CDBB1}.Debug|Any CPU.Build.0 = Debug|Any CPU
		{FA9D2304-221D-4651-9E2F-1CCE5A1CDBB1}.Release|Any CPU.ActiveCfg = Release|Any CPU
		{FA9D2304-221D-4651-9E2F-1CCE5A1CDBB1}.Release|Any CPU.Build.0 = Release|Any CPU
	EndGlobalSection
	GlobalSection(SolutionProperties) = preSolution
		HideSolutionNode = FALSE
	EndGlobalSection
	GlobalSection(ExtensibilityGlobals) = postSolution
		SolutionGuid = {337CE823-312E-4175-AD2A-3E95414928BC}
	EndGlobalSection
EndGlobal
